<?xml version="1.0" encoding="utf-8"?>
<Project ToolsVersion="4.0" xmlns="http://schemas.microsoft.com/developer/msbuild/2003">
  <ItemGroup>
    <Filter Include="소스 파일">
      <UniqueIdentifier>{4FC737F1-C7A5-4376-A066-2A32D752A2FF}</UniqueIdentifier>
      <Extensions>cpp;c;cc;cxx;c++;def;odl;idl;hpj;bat;asm;asmx</Extensions>
    </Filter>
    <Filter Include="헤더 파일">
      <UniqueIdentifier>{93995380-89BD-4b04-88EB-625FBE52EBFB}</UniqueIdentifier>
      <Extensions>h;hh;hpp;hxx;h++;hm;inl;inc;ipp;xsd</Extensions>
    </Filter>
    <Filter Include="리소스 파일">
      <UniqueIdentifier>{67DA6AB6-F800-4c08-8B7A-83BB121AAD01}</UniqueIdentifier>
      <Extensions>rc;ico;cur;bmp;dlg;rc2;rct;bin;rgs;gif;jpg;jpeg;jpe;resx;tiff;tif;png;wav;mfcribbon-ms</Extensions>
    </Filter>
    <Filter Include="소스 파일\01_10">
      <UniqueIdentifier>{aa8531b8-3c0a-4743-bf6c-c6e687542331}</UniqueIdentifier>
    </Filter>
    <Filter Include="소스 파일\11_20">
      <UniqueIdentifier>{105e9b2c-9286-4273-9029-942fe78818a1}</UniqueIdentifier>
    </Filter>
    <Filter Include="소스 파일\21_30">
      <UniqueIdentifier>{b43b1161-2622-4737-981e-d48172ea4d17}</UniqueIdentifier>
    </Filter>
  </ItemGroup>
  <ItemGroup>
    <ClCompile Include="01_EscapingBead_dfs.cpp">
      <Filter>소스 파일\01_10</Filter>
    </ClCompile>
    <ClCompile Include="01_EscapingBead_bfs.cpp">
      <Filter>소스 파일\01_10</Filter>
    </ClCompile>
    <ClCompile Include="02_2048.cpp">
      <Filter>소스 파일\01_10</Filter>
    </ClCompile>
    <ClCompile Include="03_Snake.cpp">
      <Filter>소스 파일\01_10</Filter>
    </ClCompile>
    <ClCompile Include="04_TestViewr.cpp">
      <Filter>소스 파일\01_10</Filter>
    </ClCompile>
    <ClCompile Include="05_RollingDice.cpp">
      <Filter>소스 파일\01_10</Filter>
    </ClCompile>
    <ClCompile Include="06_Tetromino.cpp">
      <Filter>소스 파일\01_10</Filter>
    </ClCompile>
    <ClCompile Include="07_go_out_of.cpp">
      <Filter>소스 파일\01_10</Filter>
    </ClCompile>
    <ClCompile Include="08_ResearchCenter.cpp">
      <Filter>소스 파일\01_10</Filter>
    </ClCompile>
    <ClCompile Include="09_RobotCleaner.cpp">
      <Filter>소스 파일\01_10</Filter>
    </ClCompile>
    <ClCompile Include="10_OperatorSelection.cpp">
      <Filter>소스 파일\01_10</Filter>
    </ClCompile>
    <ClCompile Include="11_StartLink.cpp">
      <Filter>소스 파일\11_20</Filter>
    </ClCompile>
    <ClCompile Include="12_ramp.cpp">
      <Filter>소스 파일\11_20</Filter>
    </ClCompile>
    <ClCompile Include="13_gear.cpp">
      <Filter>소스 파일\11_20</Filter>
    </ClCompile>
    <ClCompile Include="14_watch.cpp">
      <Filter>소스 파일\11_20</Filter>
    </ClCompile>
    <ClCompile Include="15_Ladder.cpp">
      <Filter>소스 파일\11_20</Filter>
    </ClCompile>
    <ClCompile Include="16_DraogonCurve.cpp">
      <Filter>소스 파일\11_20</Filter>
    </ClCompile>
    <ClCompile Include="17_ChickenDilivery.cpp">
      <Filter>소스 파일\11_20</Filter>
    </ClCompile>
    <ClCompile Include="18_QBing.cpp">
      <Filter>소스 파일\11_20</Filter>
    </ClCompile>
    <ClCompile Include="19_Migration_wrong.cpp">
      <Filter>소스 파일\11_20</Filter>
    </ClCompile>
    <ClCompile Include="19_migration_bestpractice.cpp">
      <Filter>소스 파일\11_20</Filter>
    </ClCompile>
    <ClCompile Include="20_vec.cpp">
      <Filter>소스 파일\11_20</Filter>
    </ClCompile>
    <ClCompile Include="20_TreeInvestement_list.cpp">
      <Filter>소스 파일\11_20</Filter>
    </ClCompile>
    <ClCompile Include="20_TreeInvestement_list_2.cpp">
      <Filter>소스 파일\11_20</Filter>
    </ClCompile>
    <ClCompile Include="21_BabyShark.cpp">
      <Filter>소스 파일\21_30</Filter>
    </ClCompile>
    <ClCompile Include="22_ByeFindDust.cpp">
      <Filter>소스 파일\21_30</Filter>
    </ClCompile>
    <ClCompile Include="23_KingOfFisher.cpp">
      <Filter>소스 파일\21_30</Filter>
    </ClCompile>
    <ClCompile Include="24_2DimensionArray.cpp">
      <Filter>소스 파일\21_30</Filter>
    </ClCompile>
    <ClCompile Include="25_ResearchCenter3.cpp">
      <Filter>소스 파일\21_30</Filter>
    </ClCompile>
    <ClCompile Include="25_ResearchCenter3_Vec.cpp">
      <Filter>소스 파일\21_30</Filter>
    </ClCompile>
    <ClCompile Include="26_GarryMendering.cpp">
      <Filter>소스 파일\21_30</Filter>
    </ClCompile>
    <ClCompile Include="27_TheNewGame.cpp">
      <Filter>소스 파일\21_30</Filter>
    </ClCompile>
  </ItemGroup>
  <ItemGroup>
    <None Include="28_.Stencil.cpp">
      <Filter>소스 파일\21_30</Filter>
    </None>
  </ItemGroup>
</Project>